{
    "_readme": [
        "This file locks the dependencies of your project to a known state",
        "Read more about it at http://getcomposer.org/doc/01-basic-usage.md#composer-lock-the-lock-file"
    ],
    "hash": "e1122275ff90a4de2f6da69052d9b5f5",
    "packages": [
        {
            "name": "kriswallsmith/assetic",
            "version": "1.0.x-dev",
            "source": {
                "type": "git",
                "url": "https://github.com/kriswallsmith/assetic.git",
                "reference": "87410e986d995553dad04d67df993c702a6ef1c5"
            },
            "dist": {
                "type": "zip",
                "url": "https://api.github.com/repos/kriswallsmith/assetic/zipball/87410e986d995553dad04d67df993c702a6ef1c5",
                "reference": "87410e986d995553dad04d67df993c702a6ef1c5",
                "shasum": ""
            },
            "require": {
                "php": ">=5.3.1"
            },
            "type": "library",
            "autoload": {
                "psr-0": {
                    "Assetic": "src/"
                }
            },
            "notification-url": "https://packagist.org/downloads/",
            "license": [
                "MIT"
            ],
            "authors": [
                {
                    "name": "Kris Wallsmith",
                    "email": "kris.wallsmith@gmail.com",
                    "homepage": "http://kriswallsmith.net/"
                }
            ],
            "description": "Asset Management for PHP",
            "homepage": "https://github.com/kriswallsmith/assetic",
            "keywords": [
                "assets",
                "compression",
                "minification"
            ],
            "time": "2012-09-19 17:17:54"
        },
        {
            "name": "oneblackbear/roman-numbers",
            "version": "dev-master",
            "source": {
                "type": "git",
                "url": "https://github.com/oneblackbear/RomanNumbers.git",
                "reference": "08600cc95c15ec71b8ce729cbf06991e20dc9f33"
            },
            "dist": {
                "type": "zip",
                "url": "https://api.github.com/repos/oneblackbear/RomanNumbers/zipball/08600cc95c15ec71b8ce729cbf06991e20dc9f33",
                "reference": "08600cc95c15ec71b8ce729cbf06991e20dc9f33",
                "shasum": ""
            },
            "require": {
                "php": ">=5.2.0"
            },
            "type": "library",
            "autoload": {
                "psr-0": {
                    "": "./"
                }
            },
            "notification-url": "https://packagist.org/downloads/",
            "license": [
                "GPL-2.0+"
            ],
            "authors": [
                {
                    "name": "Jeroen De Dauw",
                    "email": "jeroendedauw@gmail.com",
                    "homepage": "http://jeroendedauw.com",
                    "role": "Developer"
                }
            ],
            "description": "Roman number formatter",
            "homepage": "https://github.com/JeroenDeDauw/RomanNumbers",
            "keywords": [
                "roman",
                "roman number",
                "roman numeral"
            ],
            "time": "2013-10-19 01:11:02"
        },
        {
            "name": "phpwax/asset",
            "version": "dev-master",
            "target-dir": "Wax/Asset",
            "source": {
                "type": "git",
                "url": "https://github.com/phpwax/asset.git",
                "reference": "7cc2f27c582db34ae1590e33980bfc27af534936"
            },
            "dist": {
                "type": "zip",
                "url": "https://api.github.com/repos/phpwax/asset/zipball/7cc2f27c582db34ae1590e33980bfc27af534936",
                "reference": "7cc2f27c582db34ae1590e33980bfc27af534936",
                "shasum": ""
            },
            "require": {
                "kriswallsmith/assetic": "1.0.*@dev",
                "php": ">=5.3.0",
                "phpwax/phpwax": "3.2.*",
                "symfony/http-foundation": "2.3.*@dev"
            },
            "type": "library",
            "extra": {
                "branch-alias": {
                    "dev-master": "1.0.x-dev"
                }
            },
            "autoload": {
                "psr-0": {
                    "Wax\\Asset": ""
                },
                "files": [
                    "Wax/Asset/functions.php"
                ],
                "classmap": [
                    "controllers/"
                ]
            },
            "notification-url": "https://packagist.org/downloads/",
            "license": [
                "MIT"
            ],
            "authors": [
                {
                    "name": "Ross Riley",
                    "email": "ross@oneblackbear.com"
                },
                {
                    "name": "Charles Marshall",
                    "email": "charles@oneblackbear.com"
                },
                {
                    "name": "Sheldon Els",
                    "email": "sheldon@oneblackbear.com"
                }
            ],
            "description": "Wax Asset Bridge",
            "homepage": "http://php-wax.com",
            "keywords": [
                "asset"
            ],
            "time": "2013-07-31 10:38:50"
        },
        {
            "name": "phpwax/phpwax",
            "version": "3.2.x-dev",
            "source": {
                "type": "git",
                "url": "https://github.com/phpwax/phpwax.git",
                "reference": "e3083414154b3acfd4b1b32da8ac85e4592bf8a0"
            },
            "dist": {
                "type": "zip",
                "url": "https://api.github.com/repos/phpwax/phpwax/zipball/e3083414154b3acfd4b1b32da8ac85e4592bf8a0",
                "reference": "e3083414154b3acfd4b1b32da8ac85e4592bf8a0",
                "shasum": ""
            },
            "require": {
                "php": ">=5.3",
                "phpwax/asset": "1.0.*@dev"
            },
            "type": "library",
            "autoload": {
                "classmap": [
                    "auth/",
                    "cache/",
                    "config/",
                    "core/",
                    "db/",
                    "dispatch/",
                    "exceptions/",
                    "forms/",
                    "helpers/",
                    "interfaces/",
                    "template/",
                    "utilities/",
                    "AutoLoader.php"
                ]
            },
            "notification-url": "https://packagist.org/downloads/",
            "license": [
                "MIT"
            ],
            "authors": [
                {
                    "name": "Charles Marshall",
                    "email": "charles@oneblackbear.com"
                },
                {
                    "name": "Sheldon Els",
                    "email": "sheldon@oneblackbear.com"
                },
                {
                    "name": "Ross Riley",
                    "email": "riley.ross@gmail.com"
                }
            ],
            "description": "The Full Stack Version of the PHP Wax Framework",
            "time": "2013-10-22 14:20:00"
        },
        {
            "name": "phpwax/stackapp",
            "version": "dev-master",
            "source": {
                "type": "git",
                "url": "https://github.com/phpwax/stackapp.git",
                "reference": "d17211d341cff08e1bfc9cf06c2bfba3ac2a6d64"
            },
            "dist": {
                "type": "zip",
                "url": "https://api.github.com/repos/phpwax/stackapp/zipball/d17211d341cff08e1bfc9cf06c2bfba3ac2a6d64",
                "reference": "d17211d341cff08e1bfc9cf06c2bfba3ac2a6d64",
                "shasum": ""
            },
            "require": {
                "php": ">=5.3.0",
                "phpwax/phpwax": "3.2.*",
                "symfony/http-foundation": "2.3.*"
            },
            "type": "library",
            "extra": {
                "branch-alias": {
                    "dev-master": "1.0.x-dev"
                }
            },
            "autoload": {
                "psr-0": {
                    "": "src"
                }
            },
            "notification-url": "https://packagist.org/downloads/",
            "license": [
                "MIT"
            ],
            "authors": [
                {
                    "name": "Ross Riley",
                    "email": "ross@oneblackbear.com"
                },
                {
                    "name": "Charles Marshall",
                    "email": "charles@oneblackbear.com"
                }
            ],
            "description": "PHP Wax Stack app",
            "homepage": "http://php-wax.com",
            "time": "2013-11-04 16:30:35"
        },
        {
            "name": "phpwax/wildfire",
            "version": "7.1.x-dev",
            "source": {
                "type": "git",
                "url": "https://github.com/phpwax/wildfire.git",
                "reference": "417496bfe7ef22f127bf71d515e2915fdade95a0"
            },
            "dist": {
                "type": "zip",
                "url": "https://api.github.com/repos/phpwax/wildfire/zipball/417496bfe7ef22f127bf71d515e2915fdade95a0",
                "reference": "417496bfe7ef22f127bf71d515e2915fdade95a0",
                "shasum": ""
            },
            "require": {
                "php": ">=5.3",
                "phpwax/wildfire.cms_users": "7.1.*@dev",
                "phpwax/wildfire.content": "7.1.*",
                "phpwax/wildfire.media": "7.1.*"
            },
            "type": "library",
            "autoload": {
                "classmap": [
                    "lib/",
                    "resources/",
                    "view/"
                ],
                "files": [
                    "ini.php"
                ]
            },
            "notification-url": "https://packagist.org/downloads/",
            "license": [
                "MIT"
            ],
            "authors": [
                {
                    "name": "Charles Marshall",
                    "email": "charles@oneblackbear.com"
                },
                {
                    "name": "Sheldon Els",
                    "email": "sheldon@oneblackbear.com"
                },
                {
                    "name": "Ross Riley",
                    "email": "riley.ross@gmail.com"
                }
            ],
            "description": "Wildfire CMS Framework",
            "time": "2013-11-06 08:33:00"
        },
        {
            "name": "phpwax/wildfire.cms_users",
            "version": "7.1.x-dev",
            "source": {
                "type": "git",
                "url": "https://github.com/phpwax/wildfire.cms_users.git",
                "reference": "3252bfdaf5fa4ec5cf0b7059d75362ceb46dc87e"
            },
            "dist": {
                "type": "zip",
                "url": "https://api.github.com/repos/phpwax/wildfire.cms_users/zipball/3252bfdaf5fa4ec5cf0b7059d75362ceb46dc87e",
                "reference": "3252bfdaf5fa4ec5cf0b7059d75362ceb46dc87e",
                "shasum": ""
            },
            "type": "library",
            "autoload": {
                "classmap": [
                    "lib/",
                    "resources/"
                ],
                "files": [
                    "ini.php"
                ]
            },
            "notification-url": "https://packagist.org/downloads/",
            "license": [
                "MIT"
            ],
            "authors": [
                {
                    "name": "Charles Marshall",
                    "email": "charles@oneblackbear.com"
                }
            ],
            "time": "2013-08-21 12:45:43"
        },
        {
            "name": "phpwax/wildfire.content",
            "version": "7.1.x-dev",
            "source": {
                "type": "git",
                "url": "https://github.com/phpwax/wildfire.content.git",
                "reference": "7083f02c121e06c8fc1bfa3918b0cee1c6ab4b28"
            },
            "dist": {
                "type": "zip",
                "url": "https://api.github.com/repos/phpwax/wildfire.content/zipball/7083f02c121e06c8fc1bfa3918b0cee1c6ab4b28",
                "reference": "7083f02c121e06c8fc1bfa3918b0cee1c6ab4b28",
                "shasum": ""
            },
            "type": "library",
            "autoload": {
                "classmap": [
                    "lib/",
                    "resources/",
                    "view/"
                ],
                "files": [
                    "ini.php"
                ]
            },
            "notification-url": "https://packagist.org/downloads/",
            "license": [
                "MIT"
            ],
            "authors": [
                {
                    "name": "Charles Marshall",
                    "email": "charles@oneblackbear.com"
                }
            ],
            "time": "2013-11-05 21:08:27"
        },
        {
            "name": "phpwax/wildfire.interface",
            "version": "7.1.x-dev",
            "source": {
                "type": "git",
                "url": "https://github.com/phpwax/wildfire.interface.git",
                "reference": "e54fe4241aa2c0dad0d28fbd2477c7c808f8fe71"
            },
            "dist": {
                "type": "zip",
                "url": "https://api.github.com/repos/phpwax/wildfire.interface/zipball/e54fe4241aa2c0dad0d28fbd2477c7c808f8fe71",
                "reference": "e54fe4241aa2c0dad0d28fbd2477c7c808f8fe71",
                "shasum": ""
            },
            "type": "library",
            "autoload": {
                "classmap": [
                    "resources/",
                    "view/"
                ],
                "files": [
                    "ini.php"
                ]
            },
            "notification-url": "https://packagist.org/downloads/",
            "license": [
                "MIT"
            ],
            "authors": [
                {
                    "name": "Charles Marshall",
                    "email": "charles@oneblackbear.com"
                }
            ],
            "time": "2013-11-05 18:56:13"
        },
        {
            "name": "phpwax/wildfire.media",
            "version": "7.1.x-dev",
            "source": {
                "type": "git",
                "url": "https://github.com/phpwax/wildfire.media.git",
                "reference": "9b167b85ef36a1f058e7c3e434c0e5ad0c7547cc"
            },
            "dist": {
                "type": "zip",
                "url": "https://api.github.com/repos/phpwax/wildfire.media/zipball/9b167b85ef36a1f058e7c3e434c0e5ad0c7547cc",
                "reference": "9b167b85ef36a1f058e7c3e434c0e5ad0c7547cc",
                "shasum": ""
            },
            "require": {
                "phpwax/phpwax": "3.2.*"
            },
            "type": "library",
            "autoload": {
                "classmap": [
                    "lib/",
                    "resources/"
                ],
                "files": [
                    "ini.php"
                ]
            },
            "notification-url": "https://packagist.org/downloads/",
            "license": [
                "MIT"
            ],
            "authors": [
                {
                    "name": "Charles Marshall",
                    "email": "charles@oneblackbear.com"
                }
            ],
            "time": "2013-11-06 08:28:39"
        },
        {
            "name": "phpwax/wildfire.meta",
            "version": "7.1.x-dev",
            "source": {
                "type": "git",
                "url": "https://github.com/phpwax/wildfire.meta.git",
                "reference": "39447e0970281404218cedf44eb60b09c567874f"
            },
            "dist": {
                "type": "zip",
                "url": "https://api.github.com/repos/phpwax/wildfire.meta/zipball/39447e0970281404218cedf44eb60b09c567874f",
                "reference": "39447e0970281404218cedf44eb60b09c567874f",
                "shasum": ""
            },
            "type": "library",
            "autoload": {
                "files": [
                    "ini.php"
                ]
            },
            "notification-url": "https://packagist.org/downloads/",
            "license": [
                "MIT"
            ],
            "authors": [
                {
                    "name": "Charles Marshall",
                    "email": "charles@oneblackbear.com"
                }
            ],
            "time": "2013-06-20 08:11:38"
        },
        {
            "name": "phpwax/wildfire.navigation",
            "version": "7.1.x-dev",
            "source": {
                "type": "git",
                "url": "https://github.com/phpwax/wildfire.navigation.git",
                "reference": "54d9c2d09ef543cc562bdb5762ffb87c8283c0c0"
            },
            "dist": {
                "type": "zip",
                "url": "https://api.github.com/repos/phpwax/wildfire.navigation/zipball/54d9c2d09ef543cc562bdb5762ffb87c8283c0c0",
                "reference": "54d9c2d09ef543cc562bdb5762ffb87c8283c0c0",
                "shasum": ""
            },
            "type": "library",
            "autoload": {
                "classmap": [
                    "lib/",
                    "resources/",
                    "view/"
                ],
                "files": [
                    "ini.php"
                ]
            },
            "notification-url": "https://packagist.org/downloads/",
            "license": [
                "MIT"
            ],
            "authors": [
                {
                    "name": "Charles Marshall",
                    "email": "charles@oneblackbear.com"
                }
            ],
            "time": "2013-07-22 13:57:47"
        },
        {
            "name": "phpwax/wildfire.redirects",
            "version": "7.1.x-dev",
            "source": {
                "type": "git",
                "url": "https://github.com/phpwax/wildfire.redirects.git",
                "reference": "2a4c4e014fa590653bc358c039c8d239b4b9eb5b"
            },
            "dist": {
                "type": "zip",
                "url": "https://api.github.com/repos/phpwax/wildfire.redirects/zipball/2a4c4e014fa590653bc358c039c8d239b4b9eb5b",
                "reference": "2a4c4e014fa590653bc358c039c8d239b4b9eb5b",
                "shasum": ""
            },
            "type": "library",
            "autoload": {
                "classmap": [
                    "lib/",
                    "resources/"
                ],
                "files": [
                    "ini.php"
                ]
            },
            "notification-url": "https://packagist.org/downloads/",
            "license": [
                "MIT"
            ],
            "authors": [
                {
                    "name": "Charles Marshall",
                    "email": "charles@oneblackbear.com"
                }
            ],
            "time": "2013-06-20 14:31:11"
        },
        {
            "name": "psr/log",
            "version": "1.0.0",
            "source": {
                "type": "git",
                "url": "https://github.com/php-fig/log.git",
                "reference": "fe0936ee26643249e916849d48e3a51d5f5e278b"
            },
            "dist": {
                "type": "zip",
                "url": "https://api.github.com/repos/php-fig/log/zipball/fe0936ee26643249e916849d48e3a51d5f5e278b",
                "reference": "fe0936ee26643249e916849d48e3a51d5f5e278b",
                "shasum": ""
            },
            "type": "library",
            "autoload": {
                "psr-0": {
                    "Psr\\Log\\": ""
                }
            },
            "notification-url": "https://packagist.org/downloads/",
            "license": [
                "MIT"
            ],
            "authors": [
                {
                    "name": "PHP-FIG",
                    "homepage": "http://www.php-fig.org/"
                }
            ],
            "description": "Common interface for logging libraries",
            "keywords": [
                "log",
                "psr",
                "psr-3"
            ],
            "time": "2012-12-21 11:40:51"
        },
        {
            "name": "stack/builder",
            "version": "dev-master",
            "source": {
                "type": "git",
                "url": "https://github.com/stackphp/builder.git",
                "reference": "49ab90450d7f959943f3659a4bcb5965530117c2"
            },
            "dist": {
                "type": "zip",
                "url": "https://api.github.com/repos/stackphp/builder/zipball/49ab90450d7f959943f3659a4bcb5965530117c2",
                "reference": "49ab90450d7f959943f3659a4bcb5965530117c2",
                "shasum": ""
            },
            "require": {
                "php": ">=5.3.0",
                "symfony/http-foundation": "~2.1",
                "symfony/http-kernel": "~2.1"
            },
            "require-dev": {
                "silex/silex": "~1.0"
            },
            "type": "library",
            "extra": {
                "branch-alias": {
                    "dev-master": "1.0-dev"
                }
            },
            "autoload": {
                "psr-0": {
                    "Stack": "src"
                }
            },
            "notification-url": "https://packagist.org/downloads/",
            "license": [
                "MIT"
            ],
            "authors": [
                {
                    "name": "Igor Wiedler",
                    "email": "igor@wiedler.ch",
                    "homepage": "http://wiedler.ch/igor/"
                }
            ],
            "description": "Builder for stack middlewares based on HttpKernelInterface.",
            "keywords": [
                "stack"
            ],
            "time": "2013-10-25 14:04:45"
        },
        {
            "name": "stack/url-map",
            "version": "dev-master",
            "source": {
                "type": "git",
                "url": "https://github.com/stackphp/url-map.git",
                "reference": "ff0e849b2c5958e944ae4bc7bc1d8587598cca7d"
            },
            "dist": {
                "type": "zip",
                "url": "https://api.github.com/repos/stackphp/url-map/zipball/ff0e849b2c5958e944ae4bc7bc1d8587598cca7d",
                "reference": "ff0e849b2c5958e944ae4bc7bc1d8587598cca7d",
                "shasum": ""
            },
            "require": {
                "php": ">=5.4.0",
                "symfony/http-foundation": "~2.1",
                "symfony/http-kernel": "~2.1"
            },
            "require-dev": {
                "phpunit/phpunit": "~3.7",
                "silex/silex": "~1.0@dev",
                "stack/builder": "~1.0@dev",
                "stack/callable-http-kernel": "~1.0@dev"
            },
            "type": "library",
            "extra": {
                "branch-alias": {
                    "dev-master": "1.0-dev"
                }
            },
            "autoload": {
                "psr-0": {
                    "Stack\\": "src/"
                }
            },
            "notification-url": "https://packagist.org/downloads/",
            "license": [
                "MIT"
            ],
            "authors": [
                {
                    "name": "Christoph Hochstrasser",
                    "email": "christoph.hochstrasser@gmail.com",
                    "homepage": "http://christophh.net"
                }
            ],
            "description": "URL Map middleware.",
            "time": "2013-05-26 09:00:11"
        },
        {
            "name": "symfony/debug",
            "version": "dev-master",
            "target-dir": "Symfony/Component/Debug",
            "source": {
                "type": "git",
                "url": "https://github.com/symfony/Debug.git",
                "reference": "d0677a68259c45b0ef737dd726f9a2962e01746b"
            },
            "dist": {
                "type": "zip",
                "url": "https://api.github.com/repos/symfony/Debug/zipball/d0677a68259c45b0ef737dd726f9a2962e01746b",
                "reference": "d0677a68259c45b0ef737dd726f9a2962e01746b",
                "shasum": ""
            },
            "require": {
                "php": ">=5.3.3"
            },
            "require-dev": {
                "symfony/http-foundation": "~2.1",
                "symfony/http-kernel": "~2.1"
            },
            "suggest": {
                "symfony/http-foundation": "",
                "symfony/http-kernel": ""
            },
            "type": "library",
            "extra": {
                "branch-alias": {
                    "dev-master": "2.4-dev"
                }
            },
            "autoload": {
                "psr-0": {
                    "Symfony\\Component\\Debug\\": ""
                }
            },
            "notification-url": "https://packagist.org/downloads/",
            "license": [
                "MIT"
            ],
            "authors": [
                {
                    "name": "Fabien Potencier",
                    "email": "fabien@symfony.com"
                },
                {
                    "name": "Symfony Community",
                    "homepage": "http://symfony.com/contributors"
                }
            ],
            "description": "Symfony Debug Component",
            "homepage": "http://symfony.com",
            "time": "2013-10-30 08:31:46"
        },
        {
            "name": "symfony/event-dispatcher",
            "version": "dev-master",
            "target-dir": "Symfony/Component/EventDispatcher",
            "source": {
                "type": "git",
                "url": "https://github.com/symfony/EventDispatcher.git",
                "reference": "d51d78b34c1d9dcc384ba48155105fe99284dd67"
            },
            "dist": {
                "type": "zip",
                "url": "https://api.github.com/repos/symfony/EventDispatcher/zipball/d51d78b34c1d9dcc384ba48155105fe99284dd67",
                "reference": "d51d78b34c1d9dcc384ba48155105fe99284dd67",
                "shasum": ""
            },
            "require": {
                "php": ">=5.3.3"
            },
            "require-dev": {
                "symfony/dependency-injection": "~2.0"
            },
            "suggest": {
                "symfony/dependency-injection": "",
                "symfony/http-kernel": ""
            },
            "type": "library",
            "extra": {
                "branch-alias": {
                    "dev-master": "2.4-dev"
                }
            },
            "autoload": {
                "psr-0": {
                    "Symfony\\Component\\EventDispatcher\\": ""
                }
            },
            "notification-url": "https://packagist.org/downloads/",
            "license": [
                "MIT"
            ],
            "authors": [
                {
                    "name": "Fabien Potencier",
                    "email": "fabien@symfony.com"
                },
                {
                    "name": "Symfony Community",
                    "homepage": "http://symfony.com/contributors"
                }
            ],
            "description": "Symfony EventDispatcher Component",
            "homepage": "http://symfony.com",
            "time": "2013-10-17 11:48:11"
        },
        {
            "name": "symfony/http-foundation",
            "version": "2.3.x-dev",
            "target-dir": "Symfony/Component/HttpFoundation",
            "source": {
                "type": "git",
                "url": "https://github.com/symfony/HttpFoundation.git",
                "reference": "1bee3412d9ff603a9ed1cce305c0becbd735c307"
            },
            "dist": {
                "type": "zip",
                "url": "https://api.github.com/repos/symfony/HttpFoundation/zipball/1bee3412d9ff603a9ed1cce305c0becbd735c307",
                "reference": "1bee3412d9ff603a9ed1cce305c0becbd735c307",
                "shasum": ""
            },
            "require": {
                "php": ">=5.3.3"
            },
            "type": "library",
            "extra": {
                "branch-alias": {
                    "dev-master": "2.3-dev"
                }
            },
            "autoload": {
                "psr-0": {
                    "Symfony\\Component\\HttpFoundation\\": ""
                },
                "classmap": [
                    "Symfony/Component/HttpFoundation/Resources/stubs"
                ]
            },
            "notification-url": "https://packagist.org/downloads/",
            "license": [
                "MIT"
            ],
            "authors": [
                {
                    "name": "Fabien Potencier",
                    "email": "fabien@symfony.com"
                },
                {
                    "name": "Symfony Community",
                    "homepage": "http://symfony.com/contributors"
                }
            ],
            "description": "Symfony HttpFoundation Component",
            "homepage": "http://symfony.com",
            "time": "2013-10-30 08:28:22"
        },
        {
            "name": "symfony/http-kernel",
            "version": "2.3.x-dev",
            "target-dir": "Symfony/Component/HttpKernel",
            "source": {
                "type": "git",
                "url": "https://github.com/symfony/HttpKernel.git",
                "reference": "9795c9f67c72a96be0535f6987a94a07e5ff2432"
            },
            "dist": {
                "type": "zip",
                "url": "https://api.github.com/repos/symfony/HttpKernel/zipball/9795c9f67c72a96be0535f6987a94a07e5ff2432",
                "reference": "9795c9f67c72a96be0535f6987a94a07e5ff2432",
                "shasum": ""
            },
            "require": {
                "php": ">=5.3.3",
                "psr/log": "~1.0",
                "symfony/debug": "~2.3",
                "symfony/event-dispatcher": "~2.1",
                "symfony/http-foundation": "~2.2"
            },
            "require-dev": {
                "symfony/browser-kit": "~2.2",
                "symfony/class-loader": "~2.1",
                "symfony/config": "~2.0",
                "symfony/console": "~2.2",
                "symfony/dependency-injection": "~2.0",
                "symfony/finder": "~2.0",
                "symfony/process": "~2.0",
                "symfony/routing": "~2.2",
                "symfony/stopwatch": "~2.2",
                "symfony/templating": "~2.2"
            },
            "suggest": {
                "symfony/browser-kit": "",
                "symfony/class-loader": "",
                "symfony/config": "",
                "symfony/console": "",
                "symfony/dependency-injection": "",
                "symfony/finder": ""
            },
            "type": "library",
            "extra": {
                "branch-alias": {
                    "dev-master": "2.3-dev"
                }
            },
            "autoload": {
                "psr-0": {
                    "Symfony\\Component\\HttpKernel\\": ""
                }
            },
            "notification-url": "https://packagist.org/downloads/",
            "license": [
                "MIT"
            ],
            "authors": [
                {
                    "name": "Fabien Potencier",
                    "email": "fabien@symfony.com"
                },
                {
                    "name": "Symfony Community",
                    "homepage": "http://symfony.com/contributors"
                }
            ],
            "description": "Symfony HttpKernel Component",
            "homepage": "http://symfony.com",
            "time": "2013-10-30 08:30:20"
        }
    ],
    "packages-dev": [

    ],
    "aliases": [

    ],
    "minimum-stability": "dev",
    "stability-flags": {
        "stack/builder": 20,
        "stack/url-map": 20,
        "phpwax/stackapp": 20,
        "oneblackbear/roman-numbers": 20
    },
    "platform": [

    ],
    "platform-dev": [

    ]
}
